dependencies:
  dankamongmen/emc230x:
    component_hash: c0b54aae2650d3395dc7dd453159f6f9636e44d919f932b137299b9a3b2c4562
    dependencies:
    - name: idf
      require: private
      version: '>=5.0'
    source:
      registry_url: https://components.espressif.com/
      type: service
    version: 0.0.1
  dankamongmen/nau7802:
    component_hash: e9e9213725d3a64be667c83bf488aefa1d2c0cb87cc8e4dc8c705980c648b3fc
    dependencies:
    - name: idf
      require: private
      version: '>=5.0'
    source:
      registry_url: https://components.espressif.com/
      type: service
    version: 0.0.3
  espressif/led_strip:
    component_hash: f907c58f722c58ab8545366668cfd8769cefb7d97a631a14e9d16234cc72bdff
    dependencies:
    - name: idf
      require: private
      version: '>=5.0'
    source:
      registry_url: https://components.espressif.com/
      type: service
    version: 3.0.0
  espressif/mdns:
    component_hash: f5267872ed0c810d1b281c41a567cace7b3a3695c0df9dff89f631e9ba426ed0
    dependencies:
    - name: idf
      require: private
      version: '>=5.0'
    source:
      registry_url: https://components.espressif.com/
      type: service
    version: 1.4.2
  idf:
    source:
      type: idf
    version: 5.5.0
direct_dependencies:
- dankamongmen/emc230x
- dankamongmen/nau7802
- espressif/led_strip
- espressif/mdns
- idf
manifest_hash: d1060af4930eab55cdaba91391f83ee7466c7f26cc58c221bff152e1a69c01d1
target: esp32c6
version: 2.0.0
