dependencies:
  dankamongmen/nau7802:
    component_hash: e9e9213725d3a64be667c83bf488aefa1d2c0cb87cc8e4dc8c705980c648b3fc
    dependencies:
    - name: idf
      require: private
      version: '>=5.0'
    source:
      registry_url: https://components.espressif.com/
      type: service
    version: 0.0.3
  espressif/led_strip:
    component_hash: f907c58f722c58ab8545366668cfd8769cefb7d97a631a14e9d16234cc72bdff
    dependencies:
    - name: idf
      require: private
      version: '>=5.0'
    source:
      registry_url: https://components.espressif.com/
      type: service
    version: 3.0.0
  espressif/mdns:
    component_hash: f5267872ed0c810d1b281c41a567cace7b3a3695c0df9dff89f631e9ba426ed0
    dependencies:
    - name: idf
      require: private
      version: '>=5.0'
    source:
      registry_url: https://components.espressif.com/
      type: service
    version: 1.4.2
  idf:
    source:
      type: idf
    version: 5.5.0
direct_dependencies:
- dankamongmen/nau7802
- espressif/led_strip
- espressif/mdns
- idf
manifest_hash: 42a12dbe7df99657100fc3a2820d559767a4f6498d13050315ff8187b948e573
target: esp32c6
version: 2.0.0
