dependencies:
  dankamongmen/nau7802:
    component_hash: 4b7a711709cc7e7a9a42cdbd9ab4249da80cdebc8ffc16a49b2a7eebeb17cabf
    dependencies: []
    source:
      registry_url: https://components.espressif.com/
      type: service
    version: 0.0.2
  espressif/led_strip:
    component_hash: f907c58f722c58ab8545366668cfd8769cefb7d97a631a14e9d16234cc72bdff
    dependencies:
    - name: idf
      require: private
      version: '>=5.0'
    source:
      registry_url: https://components.espressif.com/
      type: service
    version: 3.0.0
  espressif/mdns:
    component_hash: af6306fe65d637a3683d1cf671508fcedd6b05f9ca029a8815abeab64001fb8d
    dependencies:
    - name: idf
      require: private
      version: '>=5.0'
    source:
      registry_url: https://components.espressif.com/
      type: service
    version: 1.4.0
  idf:
    source:
      type: idf
    version: 5.4.0
direct_dependencies:
- dankamongmen/nau7802
- espressif/led_strip
- espressif/mdns
- idf
manifest_hash: a474d9945a64dbefdfdae4493038170466c7ab431674f79c0e8a66f1ee8d678b
target: esp32s3
version: 2.0.0
